<?xml version="1.0" encoding="utf-8"?>
<Project xmlns="http://schemas.microsoft.com/developer/msbuild/2003">
  <ItemGroup>
    <Filter Include="Form Files">
      <UniqueIdentifier>{99349809-55BA-4b9d-BF79-8FDBB0286EB3}</UniqueIdentifier>
      <Extensions>ui</Extensions>
      <ParseFiles>false</ParseFiles>
    </Filter>
    <Filter Include="Form Files">
      <UniqueIdentifier>{99349809-55BA-4b9d-BF79-8FDBB0286EB3}</UniqueIdentifier>
      <Extensions>ui</Extensions>
      <ParseFiles>false</ParseFiles>
    </Filter>
    <Filter Include="Generated Files">
      <UniqueIdentifier>{71ED8ED8-ACB9-4CE9-BBE1-E00B30144E11}</UniqueIdentifier>
      <Extensions>cpp;c;cxx;moc;h;def;odl;idl;res;</Extensions>
    </Filter>
    <Filter Include="Generated Files">
      <UniqueIdentifier>{71ED8ED8-ACB9-4CE9-BBE1-E00B30144E11}</UniqueIdentifier>
      <Extensions>cpp;c;cxx;moc;h;def;odl;idl;res;</Extensions>
    </Filter>
    <Filter Include="Header Files">
      <UniqueIdentifier>{93995380-89BD-4b04-88EB-625FBE52EBFB}</UniqueIdentifier>
      <Extensions>h;hpp;hxx;hm;inl;inc;xsd</Extensions>
    </Filter>
    <Filter Include="Header Files">
      <UniqueIdentifier>{93995380-89BD-4b04-88EB-625FBE52EBFB}</UniqueIdentifier>
      <Extensions>h;hpp;hxx;hm;inl;inc;xsd</Extensions>
    </Filter>
    <Filter Include="Resource Files">
      <UniqueIdentifier>{D9D6E242-F8AF-46E4-B9FD-80ECBC20BA3E}</UniqueIdentifier>
      <Extensions>qrc;*</Extensions>
      <ParseFiles>false</ParseFiles>
    </Filter>
    <Filter Include="Resource Files">
      <UniqueIdentifier>{D9D6E242-F8AF-46E4-B9FD-80ECBC20BA3E}</UniqueIdentifier>
      <Extensions>qrc;*</Extensions>
      <ParseFiles>false</ParseFiles>
    </Filter>
    <Filter Include="Source Files">
      <UniqueIdentifier>{4FC737F1-C7A5-4376-A066-2A32D752A2FF}</UniqueIdentifier>
      <Extensions>cpp;c;cxx;def;odl;idl;hpj;bat;asm;asmx</Extensions>
    </Filter>
    <Filter Include="Source Files">
      <UniqueIdentifier>{4FC737F1-C7A5-4376-A066-2A32D752A2FF}</UniqueIdentifier>
      <Extensions>cpp;c;cxx;def;odl;idl;hpj;bat;asm;asmx</Extensions>
    </Filter>
    <Filter Include="Translation Files">
      <UniqueIdentifier>{639EADAA-A684-42e4-A9AD-28FC9BCB8F7C}</UniqueIdentifier>
      <Extensions>ts;xlf</Extensions>
      <ParseFiles>false</ParseFiles>
    </Filter>
    <Filter Include="Translation Files">
      <UniqueIdentifier>{639EADAA-A684-42e4-A9AD-28FC9BCB8F7C}</UniqueIdentifier>
      <Extensions>ts;xlf</Extensions>
      <ParseFiles>false</ParseFiles>
    </Filter>
  </ItemGroup>
  <ItemGroup>
    <ClCompile Include="CameraThread.cpp">
      <Filter>Source Files</Filter>
    </ClCompile>
    <ClCompile Include="ImageManipulator.cpp">
      <Filter>Source Files</Filter>
    </ClCompile>
    <ClCompile Include="Zhuizong.cpp">
      <Filter>Source Files</Filter>
    </ClCompile>
    <ClCompile Include="ccrashstack.cpp">
      <Filter>Source Files</Filter>
    </ClCompile>
    <ClCompile Include="PaddleOCR\src\clipper.cpp">
      <Filter>Source Files</Filter>
    </ClCompile>
    <ClCompile Include="cmvcamera.cpp">
      <Filter>Source Files</Filter>
    </ClCompile>
    <ClCompile Include="PaddleOCR\src\config.cpp">
      <Filter>Source Files</Filter>
    </ClCompile>
    <ClCompile Include="imagelabel.cpp">
      <Filter>Source Files</Filter>
    </ClCompile>
    <ClCompile Include="main.cpp">
      <Filter>Source Files</Filter>
    </ClCompile>
    <ClCompile Include="mythread.cpp">
      <Filter>Source Files</Filter>
    </ClCompile>
    <ClCompile Include="PaddleOCR\src\ocr_cls.cpp">
      <Filter>Source Files</Filter>
    </ClCompile>
    <ClCompile Include="PaddleOCR\src\ocr_det.cpp">
      <Filter>Source Files</Filter>
    </ClCompile>
    <ClCompile Include="PaddleOCR\src\ocr_rec.cpp">
      <Filter>Source Files</Filter>
    </ClCompile>
    <ClCompile Include="PaddleOCR\src\postprocess_op.cpp">
      <Filter>Source Files</Filter>
    </ClCompile>
    <ClCompile Include="PaddleOCR\src\preprocess_op.cpp">
      <Filter>Source Files</Filter>
    </ClCompile>
    <ClCompile Include="snap7.cpp">
      <Filter>Source Files</Filter>
    </ClCompile>
    <ClCompile Include="templatematch.cpp">
      <Filter>Source Files</Filter>
    </ClCompile>
    <ClCompile Include="PaddleOCR\src\utility.cpp">
      <Filter>Source Files</Filter>
    </ClCompile>
    <ClCompile Include="widget.cpp">
      <Filter>Source Files</Filter>
    </ClCompile>
  </ItemGroup>
  <ItemGroup>
    <QtMoc Include="CameraThread.h">
      <Filter>Header Files</Filter>
    </QtMoc>
    <ClInclude Include="CryptoUtils.h">
      <Filter>Header Files</Filter>
    </ClInclude>
    <ClInclude Include="Zhuizong.h">
      <Filter>Header Files</Filter>
    </ClInclude>
    <ClInclude Include="ccrashstack.h">
      <Filter>Header Files</Filter>
    </ClInclude>
    <ClInclude Include="PaddleOCR\include\clipper.h">
      <Filter>Header Files</Filter>
    </ClInclude>
    <ClInclude Include="cmvcamera.h">
      <Filter>Header Files</Filter>
    </ClInclude>
    <ClInclude Include="PaddleOCR\include\config.h">
      <Filter>Header Files</Filter>
    </ClInclude>
    <ClInclude Include="imageManipulator.h">
      <Filter>Header Files</Filter>
    </ClInclude>
    <QtMoc Include="imagelabel.h">
      <Filter>Header Files</Filter>
    </QtMoc>
    <QtMoc Include="mythread.h">
      <Filter>Header Files</Filter>
    </QtMoc>
    <ClInclude Include="PaddleOCR\include\ocr_cls.h">
      <Filter>Header Files</Filter>
    </ClInclude>
    <ClInclude Include="PaddleOCR\include\ocr_det.h">
      <Filter>Header Files</Filter>
    </ClInclude>
    <ClInclude Include="PaddleOCR\include\ocr_rec.h">
      <Filter>Header Files</Filter>
    </ClInclude>
    <ClInclude Include="PaddleOCR\include\postprocess_op.h">
      <Filter>Header Files</Filter>
    </ClInclude>
    <ClInclude Include="PaddleOCR\include\preprocess_op.h">
      <Filter>Header Files</Filter>
    </ClInclude>
    <ClInclude Include="snap7.h">
      <Filter>Header Files</Filter>
    </ClInclude>
    <QtMoc Include="templatematch.h">
      <Filter>Header Files</Filter>
    </QtMoc>
    <ClInclude Include="PaddleOCR\include\utility.h">
      <Filter>Header Files</Filter>
    </ClInclude>
    <QtMoc Include="widget.h">
      <Filter>Header Files</Filter>
    </QtMoc>
  </ItemGroup>
  <ItemGroup>
    
    
    
    
    
    
    <CustomBuild Include="debug\moc_predefs.h.cbt">
      <Filter>Generated Files</Filter>
    </CustomBuild>
    <CustomBuild Include="release\moc_predefs.h.cbt">
      <Filter>Generated Files</Filter>
    </CustomBuild>
    
    
    
    
    
    
    
  </ItemGroup>
  <ItemGroup>
    <None Include="Translate_CN.ts">
      <Filter>Translation Files</Filter>
    </None>
    <None Include="Translate_EN.ts">
      <Filter>Translation Files</Filter>
    </None>
  </ItemGroup>
  <ItemGroup>
    <QtUic Include="widget.ui">
      <Filter>Form Files</Filter>
    </QtUic>
  </ItemGroup>
  <ItemGroup>
    <None Include="image\qss\1.css">
      <Filter>Resource Files</Filter>
    </None>
    <None Include="image\1.png">
      <Filter>Resource Files</Filter>
    </None>
    <None Include="image\10.png">
      <Filter>Resource Files</Filter>
    </None>
    <None Include="image\11.png">
      <Filter>Resource Files</Filter>
    </None>
    <None Include="image\12.png">
      <Filter>Resource Files</Filter>
    </None>
    <None Include="image\13.png">
      <Filter>Resource Files</Filter>
    </None>
    <None Include="image\2.png">
      <Filter>Resource Files</Filter>
    </None>
    <None Include="image\3.png">
      <Filter>Resource Files</Filter>
    </None>
    <None Include="image\4.png">
      <Filter>Resource Files</Filter>
    </None>
    <None Include="image\5.png">
      <Filter>Resource Files</Filter>
    </None>
    <None Include="image\6.png">
      <Filter>Resource Files</Filter>
    </None>
    <None Include="image\8.png">
      <Filter>Resource Files</Filter>
    </None>
    <None Include="image\Img_Icon_camera3.ico">
      <Filter>Resource Files</Filter>
    </None>
    <None Include="image\Img_Icon_database.ico">
      <Filter>Resource Files</Filter>
    </None>
    <None Include="image\Img_Icon_image.ico">
      <Filter>Resource Files</Filter>
    </None>
    <None Include="image\Img_Icon_qr.ico">
      <Filter>Resource Files</Filter>
    </None>
    <None Include="image\Img_Icon_txt.ico">
      <Filter>Resource Files</Filter>
    </None>
    <None Include="image\Translate_CN.qm">
      <Filter>Resource Files</Filter>
    </None>
    <None Include="image\Translate_EN.qm">
      <Filter>Resource Files</Filter>
    </None>
    <None Include="image\qss\blacksoft\add_bottom.png">
      <Filter>Resource Files</Filter>
    </None>
    <None Include="image\qss\flatgray\add_bottom.png">
      <Filter>Resource Files</Filter>
    </None>
    <None Include="image\qss\lightblue\add_bottom.png">
      <Filter>Resource Files</Filter>
    </None>
    <None Include="image\qss\blacksoft\add_left.png">
      <Filter>Resource Files</Filter>
    </None>
    <None Include="image\qss\flatgray\add_left.png">
      <Filter>Resource Files</Filter>
    </None>
    <None Include="image\qss\lightblue\add_left.png">
      <Filter>Resource Files</Filter>
    </None>
    <None Include="image\qss\blacksoft\add_right.png">
      <Filter>Resource Files</Filter>
    </None>
    <None Include="image\qss\flatgray\add_right.png">
      <Filter>Resource Files</Filter>
    </None>
    <None Include="image\qss\lightblue\add_right.png">
      <Filter>Resource Files</Filter>
    </None>
    <None Include="image\qss\blacksoft\add_top.png">
      <Filter>Resource Files</Filter>
    </None>
    <None Include="image\qss\flatgray\add_top.png">
      <Filter>Resource Files</Filter>
    </None>
    <None Include="image\qss\lightblue\add_top.png">
      <Filter>Resource Files</Filter>
    </None>
    <None Include="image\qss\blacksoft\arrow_bottom.png">
      <Filter>Resource Files</Filter>
    </None>
    <None Include="image\qss\flatgray\arrow_bottom.png">
      <Filter>Resource Files</Filter>
    </None>
    <None Include="image\qss\lightblue\arrow_bottom.png">
      <Filter>Resource Files</Filter>
    </None>
    <None Include="image\qss\blacksoft\arrow_left.png">
      <Filter>Resource Files</Filter>
    </None>
    <None Include="image\qss\flatgray\arrow_left.png">
      <Filter>Resource Files</Filter>
    </None>
    <None Include="image\qss\lightblue\arrow_left.png">
      <Filter>Resource Files</Filter>
    </None>
    <None Include="image\qss\blacksoft\arrow_right.png">
      <Filter>Resource Files</Filter>
    </None>
    <None Include="image\qss\flatgray\arrow_right.png">
      <Filter>Resource Files</Filter>
    </None>
    <None Include="image\qss\lightblue\arrow_right.png">
      <Filter>Resource Files</Filter>
    </None>
    <None Include="image\qss\blacksoft\arrow_top.png">
      <Filter>Resource Files</Filter>
    </None>
    <None Include="image\qss\flatgray\arrow_top.png">
      <Filter>Resource Files</Filter>
    </None>
    <None Include="image\qss\lightblue\arrow_top.png">
      <Filter>Resource Files</Filter>
    </None>
    <None Include="image\background.png">
      <Filter>Resource Files</Filter>
    </None>
    <None Include="image\qss\black.css">
      <Filter>Resource Files</Filter>
    </None>
    <None Include="image\qss\blacksoft.css">
      <Filter>Resource Files</Filter>
    </None>
    <None Include="image\qss\blue.css">
      <Filter>Resource Files</Filter>
    </None>
    <None Include="image\qss\blacksoft\branch_close.png">
      <Filter>Resource Files</Filter>
    </None>
    <None Include="image\qss\flatgray\branch_close.png">
      <Filter>Resource Files</Filter>
    </None>
    <None Include="image\qss\lightblue\branch_close.png">
      <Filter>Resource Files</Filter>
    </None>
    <None Include="image\qss\blacksoft\branch_open.png">
      <Filter>Resource Files</Filter>
    </None>
    <None Include="image\qss\flatgray\branch_open.png">
      <Filter>Resource Files</Filter>
    </None>
    <None Include="image\qss\lightblue\branch_open.png">
      <Filter>Resource Files</Filter>
    </None>
    <None Include="image\qss\brown.css">
      <Filter>Resource Files</Filter>
    </None>
    <None Include="image\qss\blacksoft\calendar_nextmonth.png">
      <Filter>Resource Files</Filter>
    </None>
    <None Include="image\qss\flatgray\calendar_nextmonth.png">
      <Filter>Resource Files</Filter>
    </None>
    <None Include="image\qss\lightblue\calendar_nextmonth.png">
      <Filter>Resource Files</Filter>
    </None>
    <None Include="image\qss\blacksoft\calendar_prevmonth.png">
      <Filter>Resource Files</Filter>
    </None>
    <None Include="image\qss\flatgray\calendar_prevmonth.png">
      <Filter>Resource Files</Filter>
    </None>
    <None Include="image\qss\lightblue\calendar_prevmonth.png">
      <Filter>Resource Files</Filter>
    </None>
    <None Include="image\qss\blacksoft\checkbox_checked.png">
      <Filter>Resource Files</Filter>
    </None>
    <None Include="image\qss\flatgray\checkbox_checked.png">
      <Filter>Resource Files</Filter>
    </None>
    <None Include="image\qss\lightblue\checkbox_checked.png">
      <Filter>Resource Files</Filter>
    </None>
    <None Include="image\qss\blacksoft\checkbox_checked_disable.png">
      <Filter>Resource Files</Filter>
    </None>
    <None Include="image\qss\flatgray\checkbox_checked_disable.png">
      <Filter>Resource Files</Filter>
    </None>
    <None Include="image\qss\lightblue\checkbox_checked_disable.png">
      <Filter>Resource Files</Filter>
    </None>
    <None Include="image\qss\blacksoft\checkbox_parcial.png">
      <Filter>Resource Files</Filter>
    </None>
    <None Include="image\qss\flatgray\checkbox_parcial.png">
      <Filter>Resource Files</Filter>
    </None>
    <None Include="image\qss\lightblue\checkbox_parcial.png">
      <Filter>Resource Files</Filter>
    </None>
    <None Include="image\qss\blacksoft\checkbox_parcial_disable.png">
      <Filter>Resource Files</Filter>
    </None>
    <None Include="image\qss\flatgray\checkbox_parcial_disable.png">
      <Filter>Resource Files</Filter>
    </None>
    <None Include="image\qss\lightblue\checkbox_parcial_disable.png">
      <Filter>Resource Files</Filter>
    </None>
    <None Include="image\qss\blacksoft\checkbox_unchecked.png">
      <Filter>Resource Files</Filter>
    </None>
    <None Include="image\qss\flatgray\checkbox_unchecked.png">
      <Filter>Resource Files</Filter>
    </None>
    <None Include="image\qss\lightblue\checkbox_unchecked.png">
      <Filter>Resource Files</Filter>
    </None>
    <None Include="image\qss\blacksoft\checkbox_unchecked_disable.png">
      <Filter>Resource Files</Filter>
    </None>
    <None Include="image\qss\flatgray\checkbox_unchecked_disable.png">
      <Filter>Resource Files</Filter>
    </None>
    <None Include="image\qss\lightblue\checkbox_unchecked_disable.png">
      <Filter>Resource Files</Filter>
    </None>
    <None Include="image\close.png">
      <Filter>Resource Files</Filter>
    </None>
    <None Include="image\qss\darkgray.css">
      <Filter>Resource Files</Filter>
    </None>
    <None Include="image\delete.png">
      <Filter>Resource Files</Filter>
    </None>
    <None Include="image\qss\dev.css">
      <Filter>Resource Files</Filter>
    </None>
    <None Include="image\qss\flatgray.css">
      <Filter>Resource Files</Filter>
    </None>
    <None Include="image\qss\gray.css">
      <Filter>Resource Files</Filter>
    </None>
    <QtRcc Include="image\image.qrc">
      <Filter>Resource Files</Filter>
    </QtRcc>
    <None Include="image\qss\lightblue.css">
      <Filter>Resource Files</Filter>
    </None>
    <None Include="image\qss\lightbluepro.css">
      <Filter>Resource Files</Filter>
    </None>
    <None Include="image\qss\lightgray.css">
      <Filter>Resource Files</Filter>
    </None>
    <None Include="image\qss\blacksoft\menu_checked.png">
      <Filter>Resource Files</Filter>
    </None>
    <None Include="image\qss\flatgray\menu_checked.png">
      <Filter>Resource Files</Filter>
    </None>
    <None Include="image\qss\lightblue\menu_checked.png">
      <Filter>Resource Files</Filter>
    </None>
    <None Include="image\open.png">
      <Filter>Resource Files</Filter>
    </None>
    <None Include="image\qss\blacksoft\radiobutton_checked.png">
      <Filter>Resource Files</Filter>
    </None>
    <None Include="image\qss\flatgray\radiobutton_checked.png">
      <Filter>Resource Files</Filter>
    </None>
    <None Include="image\qss\lightblue\radiobutton_checked.png">
      <Filter>Resource Files</Filter>
    </None>
    <None Include="image\qss\blacksoft\radiobutton_checked_disable.png">
      <Filter>Resource Files</Filter>
    </None>
    <None Include="image\qss\flatgray\radiobutton_checked_disable.png">
      <Filter>Resource Files</Filter>
    </None>
    <None Include="image\qss\lightblue\radiobutton_checked_disable.png">
      <Filter>Resource Files</Filter>
    </None>
    <None Include="image\qss\blacksoft\radiobutton_unchecked.png">
      <Filter>Resource Files</Filter>
    </None>
    <None Include="image\qss\flatgray\radiobutton_unchecked.png">
      <Filter>Resource Files</Filter>
    </None>
    <None Include="image\qss\lightblue\radiobutton_unchecked.png">
      <Filter>Resource Files</Filter>
    </None>
    <None Include="image\qss\blacksoft\radiobutton_unchecked_disable.png">
      <Filter>Resource Files</Filter>
    </None>
    <None Include="image\qss\flatgray\radiobutton_unchecked_disable.png">
      <Filter>Resource Files</Filter>
    </None>
    <None Include="image\qss\lightblue\radiobutton_unchecked_disable.png">
      <Filter>Resource Files</Filter>
    </None>
    <None Include="image\setting.png">
      <Filter>Resource Files</Filter>
    </None>
    <None Include="image\qss\silvery.css">
      <Filter>Resource Files</Filter>
    </None>
  </ItemGroup>
  <ItemGroup>
    <ResourceCompile Include="D:\file\OCR_muban _fixed_save(penma)\OCR_muban _fixed_save\Autoadd\ShengYin_resource.rc" />
  </ItemGroup>
</Project>